// !$*UTF8*$!
{
	archiveVersion = 1;
	classes = {
	};
	objectVersion = 51;
	objects = {

/* Begin PBXBuildFile section */
		89AC5BE31BF7C419F2079C37 /* Pods_commurnere_challenge_commurnere_challengeUITests.framework in Frameworks */ = {isa = PBXBuildFile; fileRef = 4709B1F1146D0F2064FEF944 /* Pods_commurnere_challenge_commurnere_challengeUITests.framework */; };
		9A076872DB72062D32B52DE1 /* Pods_commurnere_challengeTests.framework in Frameworks */ = {isa = PBXBuildFile; fileRef = BFB934664BF02F107EEB8084 /* Pods_commurnere_challengeTests.framework */; };
		D84E743151E51D94C9FD0164 /* Pods_commurnere_challenge.framework in Frameworks */ = {isa = PBXBuildFile; fileRef = 93BF4C71AFB4B2AFF5E921DB /* Pods_commurnere_challenge.framework */; };
		F80D1138249302D300C212EB /* AppDelegate.swift in Sources */ = {isa = PBXBuildFile; fileRef = F80D1137249302D300C212EB /* AppDelegate.swift */; };
		F80D113D249302D300C212EB /* Main.storyboard in Resources */ = {isa = PBXBuildFile; fileRef = F80D113B249302D300C212EB /* Main.storyboard */; };
		F80D113F249302D400C212EB /* Assets.xcassets in Resources */ = {isa = PBXBuildFile; fileRef = F80D113E249302D400C212EB /* Assets.xcassets */; };
		F80D1142249302D400C212EB /* LaunchScreen.storyboard in Resources */ = {isa = PBXBuildFile; fileRef = F80D1140249302D400C212EB /* LaunchScreen.storyboard */; };
		F80D114D249302D400C212EB /* commurnere_challengeTests.swift in Sources */ = {isa = PBXBuildFile; fileRef = F80D114C249302D400C212EB /* commurnere_challengeTests.swift */; };
		F80D1158249302D400C212EB /* commurnere_challengeUITests.swift in Sources */ = {isa = PBXBuildFile; fileRef = F80D1157249302D400C212EB /* commurnere_challengeUITests.swift */; };
		F83CB0A224932EC400D28CF3 /* AppRouter.swift in Sources */ = {isa = PBXBuildFile; fileRef = F83CB0A124932EC400D28CF3 /* AppRouter.swift */; };
		F8658C83249311C90077CFF6 /* UIView+Nib.swift in Sources */ = {isa = PBXBuildFile; fileRef = F8658C82249311C90077CFF6 /* UIView+Nib.swift */; };
		F8658C85249315840077CFF6 /* UIViewController+ClassName.swift in Sources */ = {isa = PBXBuildFile; fileRef = F8658C84249315840077CFF6 /* UIViewController+ClassName.swift */; };
		F8658C88249319560077CFF6 /* AppRouterLogger.swift in Sources */ = {isa = PBXBuildFile; fileRef = F8658C87249319560077CFF6 /* AppRouterLogger.swift */; };
		F8658C8C24931A490077CFF6 /* AppLogger.swift in Sources */ = {isa = PBXBuildFile; fileRef = F8658C8B24931A490077CFF6 /* AppLogger.swift */; };
		F8658C8F24931F180077CFF6 /* Route.swift in Sources */ = {isa = PBXBuildFile; fileRef = F8658C8E24931F180077CFF6 /* Route.swift */; };
		F8658C9224931FE50077CFF6 /* UIStoryboard+Naming.swift in Sources */ = {isa = PBXBuildFile; fileRef = F8658C9124931FE50077CFF6 /* UIStoryboard+Naming.swift */; };
		F8658C94249320670077CFF6 /* StoryboardFactory+NamingConstructor.swift in Sources */ = {isa = PBXBuildFile; fileRef = F8658C93249320670077CFF6 /* StoryboardFactory+NamingConstructor.swift */; };
		F885B3592493334B00D7A782 /* AppRouterableProtocol.swift in Sources */ = {isa = PBXBuildFile; fileRef = F885B3582493334B00D7A782 /* AppRouterableProtocol.swift */; };
		F885B35B2493342F00D7A782 /* AnyDestionationStep.swift in Sources */ = {isa = PBXBuildFile; fileRef = F885B35A2493342F00D7A782 /* AnyDestionationStep.swift */; };
		F885B35E2493419700D7A782 /* String+EmptyChecking.swift in Sources */ = {isa = PBXBuildFile; fileRef = F885B35D2493419700D7A782 /* String+EmptyChecking.swift */; };
		F885B3602493432800D7A782 /* Collection+Additionals.swift in Sources */ = {isa = PBXBuildFile; fileRef = F885B35F2493432800D7A782 /* Collection+Additionals.swift */; };
		F893663224962EBF00A72E2E /* User.swift in Sources */ = {isa = PBXBuildFile; fileRef = F893663124962EBF00A72E2E /* User.swift */; };
		F8AEAB0C2495C3B900B33332 /* Account.storyboard in Resources */ = {isa = PBXBuildFile; fileRef = F8AEAB0A2495C3B900B33332 /* Account.storyboard */; };
		F8AEAB122495C48B00B33332 /* LoginViewController.swift in Sources */ = {isa = PBXBuildFile; fileRef = F8AEAB112495C48B00B33332 /* LoginViewController.swift */; };
		F8AEAB142495C94700B33332 /* LoginViewModel.swift in Sources */ = {isa = PBXBuildFile; fileRef = F8AEAB132495C94700B33332 /* LoginViewModel.swift */; };
		F8AEAB182495D14C00B33332 /* AlertableView.swift in Sources */ = {isa = PBXBuildFile; fileRef = F8AEAB172495D14C00B33332 /* AlertableView.swift */; };
		F8AEAB1C2495D64900B33332 /* UIViewController+Alertable.swift in Sources */ = {isa = PBXBuildFile; fileRef = F8AEAB1B2495D64900B33332 /* UIViewController+Alertable.swift */; };
		F8AEAB222495DFAB00B33332 /* Storable.swift in Sources */ = {isa = PBXBuildFile; fileRef = F8AEAB212495DFAB00B33332 /* Storable.swift */; };
		F8AEAB242495E0E400B33332 /* Storage.swift in Sources */ = {isa = PBXBuildFile; fileRef = F8AEAB232495E0E400B33332 /* Storage.swift */; };
		F8AEAB292495E65200B33332 /* RealmProvider.swift in Sources */ = {isa = PBXBuildFile; fileRef = F8AEAB282495E65200B33332 /* RealmProvider.swift */; };
		F8AEAB2B2495EAA200B33332 /* URL+ApplicationPath.swift in Sources */ = {isa = PBXBuildFile; fileRef = F8AEAB2A2495EAA200B33332 /* URL+ApplicationPath.swift */; };
		F8AEAB2D2495F09400B33332 /* RealmDataManager.swift in Sources */ = {isa = PBXBuildFile; fileRef = F8AEAB2C2495F09400B33332 /* RealmDataManager.swift */; };
		F8AEAB3024960BDE00B33332 /* BaseDataRepository.swift in Sources */ = {isa = PBXBuildFile; fileRef = F8AEAB2F24960BDE00B33332 /* BaseDataRepository.swift */; };
/* End PBXBuildFile section */

/* Begin PBXContainerItemProxy section */
		F80D1149249302D400C212EB /* PBXContainerItemProxy */ = {
			isa = PBXContainerItemProxy;
			containerPortal = F80D112C249302D300C212EB /* Project object */;
			proxyType = 1;
			remoteGlobalIDString = F80D1133249302D300C212EB;
			remoteInfo = "commurnere-challenge";
		};
		F80D1154249302D400C212EB /* PBXContainerItemProxy */ = {
			isa = PBXContainerItemProxy;
			containerPortal = F80D112C249302D300C212EB /* Project object */;
			proxyType = 1;
			remoteGlobalIDString = F80D1133249302D300C212EB;
			remoteInfo = "commurnere-challenge";
		};
/* End PBXContainerItemProxy section */

/* Begin PBXFileReference section */
		2AB2B9455585AF5E3382D29F /* Pods-commurnere-challenge-commurnere-challengeUITests.release.xcconfig */ = {isa = PBXFileReference; includeInIndex = 1; lastKnownFileType = text.xcconfig; name = "Pods-commurnere-challenge-commurnere-challengeUITests.release.xcconfig"; path = "Target Support Files/Pods-commurnere-challenge-commurnere-challengeUITests/Pods-commurnere-challenge-commurnere-challengeUITests.release.xcconfig"; sourceTree = "<group>"; };
		4709B1F1146D0F2064FEF944 /* Pods_commurnere_challenge_commurnere_challengeUITests.framework */ = {isa = PBXFileReference; explicitFileType = wrapper.framework; includeInIndex = 0; path = Pods_commurnere_challenge_commurnere_challengeUITests.framework; sourceTree = BUILT_PRODUCTS_DIR; };
		55D69FB41F89797F0FEF1BA8 /* Pods-commurnere-challenge.debug.xcconfig */ = {isa = PBXFileReference; includeInIndex = 1; lastKnownFileType = text.xcconfig; name = "Pods-commurnere-challenge.debug.xcconfig"; path = "Target Support Files/Pods-commurnere-challenge/Pods-commurnere-challenge.debug.xcconfig"; sourceTree = "<group>"; };
		93BF4C71AFB4B2AFF5E921DB /* Pods_commurnere_challenge.framework */ = {isa = PBXFileReference; explicitFileType = wrapper.framework; includeInIndex = 0; path = Pods_commurnere_challenge.framework; sourceTree = BUILT_PRODUCTS_DIR; };
		9E60ADA5F9C7DBA572696D30 /* Pods-commurnere-challengeTests.release.xcconfig */ = {isa = PBXFileReference; includeInIndex = 1; lastKnownFileType = text.xcconfig; name = "Pods-commurnere-challengeTests.release.xcconfig"; path = "Target Support Files/Pods-commurnere-challengeTests/Pods-commurnere-challengeTests.release.xcconfig"; sourceTree = "<group>"; };
		AB16806A0110DAA1FE3D01EF /* Pods-commurnere-challenge-commurnere-challengeUITests.debug.xcconfig */ = {isa = PBXFileReference; includeInIndex = 1; lastKnownFileType = text.xcconfig; name = "Pods-commurnere-challenge-commurnere-challengeUITests.debug.xcconfig"; path = "Target Support Files/Pods-commurnere-challenge-commurnere-challengeUITests/Pods-commurnere-challenge-commurnere-challengeUITests.debug.xcconfig"; sourceTree = "<group>"; };
		BFB934664BF02F107EEB8084 /* Pods_commurnere_challengeTests.framework */ = {isa = PBXFileReference; explicitFileType = wrapper.framework; includeInIndex = 0; path = Pods_commurnere_challengeTests.framework; sourceTree = BUILT_PRODUCTS_DIR; };
		D4A21F78AB6DC77814D5D1C6 /* Pods-commurnere-challengeTests.debug.xcconfig */ = {isa = PBXFileReference; includeInIndex = 1; lastKnownFileType = text.xcconfig; name = "Pods-commurnere-challengeTests.debug.xcconfig"; path = "Target Support Files/Pods-commurnere-challengeTests/Pods-commurnere-challengeTests.debug.xcconfig"; sourceTree = "<group>"; };
		E5AC5A93EEB97653BFB3D145 /* Pods-commurnere-challenge.release.xcconfig */ = {isa = PBXFileReference; includeInIndex = 1; lastKnownFileType = text.xcconfig; name = "Pods-commurnere-challenge.release.xcconfig"; path = "Target Support Files/Pods-commurnere-challenge/Pods-commurnere-challenge.release.xcconfig"; sourceTree = "<group>"; };
		F80D1134249302D300C212EB /* commurnere-challenge.app */ = {isa = PBXFileReference; explicitFileType = wrapper.application; includeInIndex = 0; path = "commurnere-challenge.app"; sourceTree = BUILT_PRODUCTS_DIR; };
		F80D1137249302D300C212EB /* AppDelegate.swift */ = {isa = PBXFileReference; lastKnownFileType = sourcecode.swift; path = AppDelegate.swift; sourceTree = "<group>"; };
		F80D113C249302D300C212EB /* Base */ = {isa = PBXFileReference; lastKnownFileType = file.storyboard; name = Base; path = Base.lproj/Main.storyboard; sourceTree = "<group>"; };
		F80D113E249302D400C212EB /* Assets.xcassets */ = {isa = PBXFileReference; lastKnownFileType = folder.assetcatalog; path = Assets.xcassets; sourceTree = "<group>"; };
		F80D1141249302D400C212EB /* Base */ = {isa = PBXFileReference; lastKnownFileType = file.storyboard; name = Base; path = Base.lproj/LaunchScreen.storyboard; sourceTree = "<group>"; };
		F80D1143249302D400C212EB /* Info.plist */ = {isa = PBXFileReference; lastKnownFileType = text.plist.xml; path = Info.plist; sourceTree = "<group>"; };
		F80D1148249302D400C212EB /* commurnere-challengeTests.xctest */ = {isa = PBXFileReference; explicitFileType = wrapper.cfbundle; includeInIndex = 0; path = "commurnere-challengeTests.xctest"; sourceTree = BUILT_PRODUCTS_DIR; };
		F80D114C249302D400C212EB /* commurnere_challengeTests.swift */ = {isa = PBXFileReference; lastKnownFileType = sourcecode.swift; path = commurnere_challengeTests.swift; sourceTree = "<group>"; };
		F80D114E249302D400C212EB /* Info.plist */ = {isa = PBXFileReference; lastKnownFileType = text.plist.xml; path = Info.plist; sourceTree = "<group>"; };
		F80D1153249302D400C212EB /* commurnere-challengeUITests.xctest */ = {isa = PBXFileReference; explicitFileType = wrapper.cfbundle; includeInIndex = 0; path = "commurnere-challengeUITests.xctest"; sourceTree = BUILT_PRODUCTS_DIR; };
		F80D1157249302D400C212EB /* commurnere_challengeUITests.swift */ = {isa = PBXFileReference; lastKnownFileType = sourcecode.swift; path = commurnere_challengeUITests.swift; sourceTree = "<group>"; };
		F80D1159249302D400C212EB /* Info.plist */ = {isa = PBXFileReference; lastKnownFileType = text.plist.xml; path = Info.plist; sourceTree = "<group>"; };
		F83CB0A124932EC400D28CF3 /* AppRouter.swift */ = {isa = PBXFileReference; lastKnownFileType = sourcecode.swift; path = AppRouter.swift; sourceTree = "<group>"; };
		F8658C82249311C90077CFF6 /* UIView+Nib.swift */ = {isa = PBXFileReference; lastKnownFileType = sourcecode.swift; path = "UIView+Nib.swift"; sourceTree = "<group>"; };
		F8658C84249315840077CFF6 /* UIViewController+ClassName.swift */ = {isa = PBXFileReference; lastKnownFileType = sourcecode.swift; path = "UIViewController+ClassName.swift"; sourceTree = "<group>"; };
		F8658C87249319560077CFF6 /* AppRouterLogger.swift */ = {isa = PBXFileReference; lastKnownFileType = sourcecode.swift; path = AppRouterLogger.swift; sourceTree = "<group>"; };
		F8658C8B24931A490077CFF6 /* AppLogger.swift */ = {isa = PBXFileReference; lastKnownFileType = sourcecode.swift; path = AppLogger.swift; sourceTree = "<group>"; };
		F8658C8E24931F180077CFF6 /* Route.swift */ = {isa = PBXFileReference; lastKnownFileType = sourcecode.swift; path = Route.swift; sourceTree = "<group>"; };
		F8658C9124931FE50077CFF6 /* UIStoryboard+Naming.swift */ = {isa = PBXFileReference; lastKnownFileType = sourcecode.swift; path = "UIStoryboard+Naming.swift"; sourceTree = "<group>"; };
		F8658C93249320670077CFF6 /* StoryboardFactory+NamingConstructor.swift */ = {isa = PBXFileReference; lastKnownFileType = sourcecode.swift; path = "StoryboardFactory+NamingConstructor.swift"; sourceTree = "<group>"; };
		F885B3582493334B00D7A782 /* AppRouterableProtocol.swift */ = {isa = PBXFileReference; lastKnownFileType = sourcecode.swift; path = AppRouterableProtocol.swift; sourceTree = "<group>"; };
		F885B35A2493342F00D7A782 /* AnyDestionationStep.swift */ = {isa = PBXFileReference; lastKnownFileType = sourcecode.swift; path = AnyDestionationStep.swift; sourceTree = "<group>"; };
		F885B35D2493419700D7A782 /* String+EmptyChecking.swift */ = {isa = PBXFileReference; lastKnownFileType = sourcecode.swift; path = "String+EmptyChecking.swift"; sourceTree = "<group>"; };
		F885B35F2493432800D7A782 /* Collection+Additionals.swift */ = {isa = PBXFileReference; lastKnownFileType = sourcecode.swift; path = "Collection+Additionals.swift"; sourceTree = "<group>"; };
		F893663124962EBF00A72E2E /* User.swift */ = {isa = PBXFileReference; lastKnownFileType = sourcecode.swift; path = User.swift; sourceTree = "<group>"; };
		F8AEAB0B2495C3B900B33332 /* Base */ = {isa = PBXFileReference; lastKnownFileType = file.storyboard; name = Base; path = Base.lproj/Account.storyboard; sourceTree = "<group>"; };
		F8AEAB112495C48B00B33332 /* LoginViewController.swift */ = {isa = PBXFileReference; lastKnownFileType = sourcecode.swift; path = LoginViewController.swift; sourceTree = "<group>"; };
		F8AEAB132495C94700B33332 /* LoginViewModel.swift */ = {isa = PBXFileReference; lastKnownFileType = sourcecode.swift; path = LoginViewModel.swift; sourceTree = "<group>"; };
		F8AEAB172495D14C00B33332 /* AlertableView.swift */ = {isa = PBXFileReference; lastKnownFileType = sourcecode.swift; path = AlertableView.swift; sourceTree = "<group>"; };
		F8AEAB1B2495D64900B33332 /* UIViewController+Alertable.swift */ = {isa = PBXFileReference; lastKnownFileType = sourcecode.swift; path = "UIViewController+Alertable.swift"; sourceTree = "<group>"; };
		F8AEAB212495DFAB00B33332 /* Storable.swift */ = {isa = PBXFileReference; lastKnownFileType = sourcecode.swift; path = Storable.swift; sourceTree = "<group>"; };
		F8AEAB232495E0E400B33332 /* Storage.swift */ = {isa = PBXFileReference; lastKnownFileType = sourcecode.swift; path = Storage.swift; sourceTree = "<group>"; };
		F8AEAB282495E65200B33332 /* RealmProvider.swift */ = {isa = PBXFileReference; lastKnownFileType = sourcecode.swift; path = RealmProvider.swift; sourceTree = "<group>"; };
		F8AEAB2A2495EAA200B33332 /* URL+ApplicationPath.swift */ = {isa = PBXFileReference; lastKnownFileType = sourcecode.swift; path = "URL+ApplicationPath.swift"; sourceTree = "<group>"; };
		F8AEAB2C2495F09400B33332 /* RealmDataManager.swift */ = {isa = PBXFileReference; lastKnownFileType = sourcecode.swift; path = RealmDataManager.swift; sourceTree = "<group>"; };
		F8AEAB2F24960BDE00B33332 /* BaseDataRepository.swift */ = {isa = PBXFileReference; lastKnownFileType = sourcecode.swift; path = BaseDataRepository.swift; sourceTree = "<group>"; };
/* End PBXFileReference section */

/* Begin PBXFrameworksBuildPhase section */
		F80D1131249302D300C212EB /* Frameworks */ = {
			isa = PBXFrameworksBuildPhase;
			buildActionMask = 2147483647;
			files = (
				D84E743151E51D94C9FD0164 /* Pods_commurnere_challenge.framework in Frameworks */,
			);
			runOnlyForDeploymentPostprocessing = 0;
		};
		F80D1145249302D400C212EB /* Frameworks */ = {
			isa = PBXFrameworksBuildPhase;
			buildActionMask = 2147483647;
			files = (
				9A076872DB72062D32B52DE1 /* Pods_commurnere_challengeTests.framework in Frameworks */,
			);
			runOnlyForDeploymentPostprocessing = 0;
		};
		F80D1150249302D400C212EB /* Frameworks */ = {
			isa = PBXFrameworksBuildPhase;
			buildActionMask = 2147483647;
			files = (
				89AC5BE31BF7C419F2079C37 /* Pods_commurnere_challenge_commurnere_challengeUITests.framework in Frameworks */,
			);
			runOnlyForDeploymentPostprocessing = 0;
		};
/* End PBXFrameworksBuildPhase section */

/* Begin PBXGroup section */
		382640C8D517531DDE4EC42F /* Pods */ = {
			isa = PBXGroup;
			children = (
				55D69FB41F89797F0FEF1BA8 /* Pods-commurnere-challenge.debug.xcconfig */,
				E5AC5A93EEB97653BFB3D145 /* Pods-commurnere-challenge.release.xcconfig */,
				AB16806A0110DAA1FE3D01EF /* Pods-commurnere-challenge-commurnere-challengeUITests.debug.xcconfig */,
				2AB2B9455585AF5E3382D29F /* Pods-commurnere-challenge-commurnere-challengeUITests.release.xcconfig */,
				D4A21F78AB6DC77814D5D1C6 /* Pods-commurnere-challengeTests.debug.xcconfig */,
				9E60ADA5F9C7DBA572696D30 /* Pods-commurnere-challengeTests.release.xcconfig */,
			);
			path = Pods;
			sourceTree = "<group>";
		};
		4D2B0C2208FCC44C094847E7 /* Frameworks */ = {
			isa = PBXGroup;
			children = (
				93BF4C71AFB4B2AFF5E921DB /* Pods_commurnere_challenge.framework */,
				4709B1F1146D0F2064FEF944 /* Pods_commurnere_challenge_commurnere_challengeUITests.framework */,
				BFB934664BF02F107EEB8084 /* Pods_commurnere_challengeTests.framework */,
			);
			name = Frameworks;
			sourceTree = "<group>";
		};
		F80D112B249302D300C212EB = {
			isa = PBXGroup;
			children = (
				F80D1136249302D300C212EB /* commurnere-challenge */,
				F80D114B249302D400C212EB /* commurnere-challengeTests */,
				F80D1156249302D400C212EB /* commurnere-challengeUITests */,
				F80D1135249302D300C212EB /* Products */,
				382640C8D517531DDE4EC42F /* Pods */,
				4D2B0C2208FCC44C094847E7 /* Frameworks */,
			);
			sourceTree = "<group>";
		};
		F80D1135249302D300C212EB /* Products */ = {
			isa = PBXGroup;
			children = (
				F80D1134249302D300C212EB /* commurnere-challenge.app */,
				F80D1148249302D400C212EB /* commurnere-challengeTests.xctest */,
				F80D1153249302D400C212EB /* commurnere-challengeUITests.xctest */,
			);
			name = Products;
			sourceTree = "<group>";
		};
		F80D1136249302D300C212EB /* commurnere-challenge */ = {
			isa = PBXGroup;
			children = (
				F8658C7E249310E90077CFF6 /* Classes */,
				F8AEAB022495B60300B33332 /* Resources */,
				F80D1143249302D400C212EB /* Info.plist */,
			);
			path = "commurnere-challenge";
			sourceTree = "<group>";
		};
		F80D114B249302D400C212EB /* commurnere-challengeTests */ = {
			isa = PBXGroup;
			children = (
				F80D114C249302D400C212EB /* commurnere_challengeTests.swift */,
				F80D114E249302D400C212EB /* Info.plist */,
			);
			path = "commurnere-challengeTests";
			sourceTree = "<group>";
		};
		F80D1156249302D400C212EB /* commurnere-challengeUITests */ = {
			isa = PBXGroup;
			children = (
				F80D1157249302D400C212EB /* commurnere_challengeUITests.swift */,
				F80D1159249302D400C212EB /* Info.plist */,
			);
			path = "commurnere-challengeUITests";
			sourceTree = "<group>";
		};
		F8658C7E249310E90077CFF6 /* Classes */ = {
			isa = PBXGroup;
			children = (
				F885B3612495B57100D7A782 /* Application */,
				F8AEAB082495BBB300B33332 /* Core */,
				F8658C7F249310F20077CFF6 /* Navigation */,
				F8658C80249311AF0077CFF6 /* Extensions */,
				F8658C89249319820077CFF6 /* Utilites */,
			);
			path = Classes;
			sourceTree = "<group>";
		};
		F8658C7F249310F20077CFF6 /* Navigation */ = {
			isa = PBXGroup;
			children = (
				F8658C8D24931EDC0077CFF6 /* Route */,
				F8658C86249316200077CFF6 /* Router */,
				F885B35A2493342F00D7A782 /* AnyDestionationStep.swift */,
			);
			path = Navigation;
			sourceTree = "<group>";
		};
		F8658C80249311AF0077CFF6 /* Extensions */ = {
			isa = PBXGroup;
			children = (
				F885B35C2493418600D7A782 /* Foundation */,
				F8658C81249311B80077CFF6 /* UI Elements */,
			);
			path = Extensions;
			sourceTree = "<group>";
		};
		F8658C81249311B80077CFF6 /* UI Elements */ = {
			isa = PBXGroup;
			children = (
				F8658C82249311C90077CFF6 /* UIView+Nib.swift */,
				F8658C84249315840077CFF6 /* UIViewController+ClassName.swift */,
				F8658C9124931FE50077CFF6 /* UIStoryboard+Naming.swift */,
				F8AEAB1B2495D64900B33332 /* UIViewController+Alertable.swift */,
			);
			path = "UI Elements";
			sourceTree = "<group>";
		};
		F8658C86249316200077CFF6 /* Router */ = {
			isa = PBXGroup;
			children = (
				F8658C87249319560077CFF6 /* AppRouterLogger.swift */,
				F83CB0A124932EC400D28CF3 /* AppRouter.swift */,
				F885B3582493334B00D7A782 /* AppRouterableProtocol.swift */,
			);
			path = Router;
			sourceTree = "<group>";
		};
		F8658C89249319820077CFF6 /* Utilites */ = {
			isa = PBXGroup;
			children = (
				F8658C9024931F8D0077CFF6 /* Navigation */,
				F8658C8A24931A360077CFF6 /* Logger */,
			);
			path = Utilites;
			sourceTree = "<group>";
		};
		F8658C8A24931A360077CFF6 /* Logger */ = {
			isa = PBXGroup;
			children = (
				F8658C8B24931A490077CFF6 /* AppLogger.swift */,
			);
			path = Logger;
			sourceTree = "<group>";
		};
		F8658C8D24931EDC0077CFF6 /* Route */ = {
			isa = PBXGroup;
			children = (
				F8658C8E24931F180077CFF6 /* Route.swift */,
			);
			path = Route;
			sourceTree = "<group>";
		};
		F8658C9024931F8D0077CFF6 /* Navigation */ = {
			isa = PBXGroup;
			children = (
				F8658C93249320670077CFF6 /* StoryboardFactory+NamingConstructor.swift */,
			);
			path = Navigation;
			sourceTree = "<group>";
		};
		F885B35C2493418600D7A782 /* Foundation */ = {
			isa = PBXGroup;
			children = (
				F885B35D2493419700D7A782 /* String+EmptyChecking.swift */,
				F885B35F2493432800D7A782 /* Collection+Additionals.swift */,
				F8AEAB2A2495EAA200B33332 /* URL+ApplicationPath.swift */,
			);
			path = Foundation;
			sourceTree = "<group>";
		};
		F885B3612495B57100D7A782 /* Application */ = {
			isa = PBXGroup;
			children = (
				F8AEAB192495D15700B33332 /* Common */,
				F8AEAB032495BA3800B33332 /* Account */,
				F80D1137249302D300C212EB /* AppDelegate.swift */,
			);
			path = Application;
			sourceTree = "<group>";
		};
		F8AEAB022495B60300B33332 /* Resources */ = {
			isa = PBXGroup;
			children = (
				F80D113B249302D300C212EB /* Main.storyboard */,
				F80D113E249302D400C212EB /* Assets.xcassets */,
				F80D1140249302D400C212EB /* LaunchScreen.storyboard */,
				F8AEAB0A2495C3B900B33332 /* Account.storyboard */,
			);
			path = Resources;
			sourceTree = "<group>";
		};
		F8AEAB032495BA3800B33332 /* Account */ = {
			isa = PBXGroup;
			children = (
				F8AEAB0E2495C41900B33332 /* Navigation Route */,
				F8AEAB072495BB9600B33332 /* Repositories */,
				F8AEAB062495BAF300B33332 /* Models */,
				F8AEAB052495BAEB00B33332 /* ViewModels */,
				F8AEAB042495BADA00B33332 /* Views */,
			);
			path = Account;
			sourceTree = "<group>";
		};
		F8AEAB042495BADA00B33332 /* Views */ = {
			isa = PBXGroup;
			children = (
				F8AEAB112495C48B00B33332 /* LoginViewController.swift */,
			);
			path = Views;
			sourceTree = "<group>";
		};
		F8AEAB052495BAEB00B33332 /* ViewModels */ = {
			isa = PBXGroup;
			children = (
				F8AEAB132495C94700B33332 /* LoginViewModel.swift */,
			);
			path = ViewModels;
			sourceTree = "<group>";
		};
		F8AEAB062495BAF300B33332 /* Models */ = {
			isa = PBXGroup;
			children = (
				F893663124962EBF00A72E2E /* User.swift */,
			);
			path = Models;
			sourceTree = "<group>";
		};
		F8AEAB072495BB9600B33332 /* Repositories */ = {
			isa = PBXGroup;
			children = (
			);
			path = Repositories;
			sourceTree = "<group>";
		};
		F8AEAB082495BBB300B33332 /* Core */ = {
			isa = PBXGroup;
			children = (
				F8AEAB2E249609DA00B33332 /* Repository */,
				F8AEAB1F2495DF4000B33332 /* Presistence Layer */,
			);
			path = Core;
			sourceTree = "<group>";
		};
		F8AEAB0E2495C41900B33332 /* Navigation Route */ = {
			isa = PBXGroup;
			children = (
			);
			path = "Navigation Route";
			sourceTree = "<group>";
		};
		F8AEAB192495D15700B33332 /* Common */ = {
			isa = PBXGroup;
			children = (
				F8AEAB1A2495D16500B33332 /* Protocols */,
			);
			path = Common;
			sourceTree = "<group>";
		};
		F8AEAB1A2495D16500B33332 /* Protocols */ = {
			isa = PBXGroup;
			children = (
				F8AEAB172495D14C00B33332 /* AlertableView.swift */,
			);
			path = Protocols;
			sourceTree = "<group>";
		};
		F8AEAB1F2495DF4000B33332 /* Presistence Layer */ = {
			isa = PBXGroup;
			children = (
				F8AEAB202495DF7700B33332 /* Abstracts */,
				F8AEAB272495E61B00B33332 /* Database */,
			);
			path = "Presistence Layer";
			sourceTree = "<group>";
		};
		F8AEAB202495DF7700B33332 /* Abstracts */ = {
			isa = PBXGroup;
			children = (
				F8AEAB212495DFAB00B33332 /* Storable.swift */,
				F8AEAB232495E0E400B33332 /* Storage.swift */,
			);
			path = Abstracts;
			sourceTree = "<group>";
		};
		F8AEAB272495E61B00B33332 /* Database */ = {
			isa = PBXGroup;
			children = (
				F8AEAB282495E65200B33332 /* RealmProvider.swift */,
				F8AEAB2C2495F09400B33332 /* RealmDataManager.swift */,
			);
			path = Database;
			sourceTree = "<group>";
		};
		F8AEAB2E249609DA00B33332 /* Repository */ = {
			isa = PBXGroup;
			children = (
				F8AEAB2F24960BDE00B33332 /* BaseDataRepository.swift */,
			);
			path = Repository;
			sourceTree = "<group>";
		};
/* End PBXGroup section */

/* Begin PBXNativeTarget section */
		F80D1133249302D300C212EB /* commurnere-challenge */ = {
			isa = PBXNativeTarget;
			buildConfigurationList = F80D115C249302D400C212EB /* Build configuration list for PBXNativeTarget "commurnere-challenge" */;
			buildPhases = (
				8E07D1CEF46CFDB577145876 /* [CP] Check Pods Manifest.lock */,
				F80D1130249302D300C212EB /* Sources */,
				F80D1131249302D300C212EB /* Frameworks */,
				F80D1132249302D300C212EB /* Resources */,
				75EACCD52C1227A18D206513 /* [CP] Embed Pods Frameworks */,
			);
			buildRules = (
			);
			dependencies = (
			);
			name = "commurnere-challenge";
			productName = "commurnere-challenge";
			productReference = F80D1134249302D300C212EB /* commurnere-challenge.app */;
			productType = "com.apple.product-type.application";
		};
		F80D1147249302D400C212EB /* commurnere-challengeTests */ = {
			isa = PBXNativeTarget;
			buildConfigurationList = F80D115F249302D400C212EB /* Build configuration list for PBXNativeTarget "commurnere-challengeTests" */;
			buildPhases = (
				8C693FCDE9BEB4DFD9CDB002 /* [CP] Check Pods Manifest.lock */,
				F80D1144249302D400C212EB /* Sources */,
				F80D1145249302D400C212EB /* Frameworks */,
				F80D1146249302D400C212EB /* Resources */,
			);
			buildRules = (
			);
			dependencies = (
				F80D114A249302D400C212EB /* PBXTargetDependency */,
			);
			name = "commurnere-challengeTests";
			productName = "commurnere-challengeTests";
			productReference = F80D1148249302D400C212EB /* commurnere-challengeTests.xctest */;
			productType = "com.apple.product-type.bundle.unit-test";
		};
		F80D1152249302D400C212EB /* commurnere-challengeUITests */ = {
			isa = PBXNativeTarget;
			buildConfigurationList = F80D1162249302D400C212EB /* Build configuration list for PBXNativeTarget "commurnere-challengeUITests" */;
			buildPhases = (
				522AA92ADE9015E65208FC00 /* [CP] Check Pods Manifest.lock */,
				F80D114F249302D400C212EB /* Sources */,
				F80D1150249302D400C212EB /* Frameworks */,
				F80D1151249302D400C212EB /* Resources */,
				0A0AE1CD944D33901717202A /* [CP] Embed Pods Frameworks */,
			);
			buildRules = (
			);
			dependencies = (
				F80D1155249302D400C212EB /* PBXTargetDependency */,
			);
			name = "commurnere-challengeUITests";
			productName = "commurnere-challengeUITests";
			productReference = F80D1153249302D400C212EB /* commurnere-challengeUITests.xctest */;
			productType = "com.apple.product-type.bundle.ui-testing";
		};
/* End PBXNativeTarget section */

/* Begin PBXProject section */
		F80D112C249302D300C212EB /* Project object */ = {
			isa = PBXProject;
			attributes = {
				LastSwiftUpdateCheck = 1020;
				LastUpgradeCheck = 1020;
				ORGANIZATIONNAME = "Farshad Mousalou";
				TargetAttributes = {
					F80D1133249302D300C212EB = {
						CreatedOnToolsVersion = 10.2.1;
					};
					F80D1147249302D400C212EB = {
						CreatedOnToolsVersion = 10.2.1;
						TestTargetID = F80D1133249302D300C212EB;
					};
					F80D1152249302D400C212EB = {
						CreatedOnToolsVersion = 10.2.1;
						TestTargetID = F80D1133249302D300C212EB;
					};
				};
			};
			buildConfigurationList = F80D112F249302D300C212EB /* Build configuration list for PBXProject "commurnere-challenge" */;
			compatibilityVersion = "Xcode 9.3";
			developmentRegion = en;
			hasScannedForEncodings = 0;
			knownRegions = (
				en,
				Base,
			);
			mainGroup = F80D112B249302D300C212EB;
			productRefGroup = F80D1135249302D300C212EB /* Products */;
			projectDirPath = "";
			projectRoot = "";
			targets = (
				F80D1133249302D300C212EB /* commurnere-challenge */,
				F80D1147249302D400C212EB /* commurnere-challengeTests */,
				F80D1152249302D400C212EB /* commurnere-challengeUITests */,
			);
		};
/* End PBXProject section */

/* Begin PBXResourcesBuildPhase section */
		F80D1132249302D300C212EB /* Resources */ = {
			isa = PBXResourcesBuildPhase;
			buildActionMask = 2147483647;
			files = (
				F80D1142249302D400C212EB /* LaunchScreen.storyboard in Resources */,
				F80D113F249302D400C212EB /* Assets.xcassets in Resources */,
				F8AEAB0C2495C3B900B33332 /* Account.storyboard in Resources */,
				F80D113D249302D300C212EB /* Main.storyboard in Resources */,
			);
			runOnlyForDeploymentPostprocessing = 0;
		};
		F80D1146249302D400C212EB /* Resources */ = {
			isa = PBXResourcesBuildPhase;
			buildActionMask = 2147483647;
			files = (
			);
			runOnlyForDeploymentPostprocessing = 0;
		};
		F80D1151249302D400C212EB /* Resources */ = {
			isa = PBXResourcesBuildPhase;
			buildActionMask = 2147483647;
			files = (
			);
			runOnlyForDeploymentPostprocessing = 0;
		};
/* End PBXResourcesBuildPhase section */

/* Begin PBXShellScriptBuildPhase section */
		0A0AE1CD944D33901717202A /* [CP] Embed Pods Frameworks */ = {
			isa = PBXShellScriptBuildPhase;
			buildActionMask = 2147483647;
			files = (
			);
			inputFileListPaths = (
				"${PODS_ROOT}/Target Support Files/Pods-commurnere-challenge-commurnere-challengeUITests/Pods-commurnere-challenge-commurnere-challengeUITests-frameworks-${CONFIGURATION}-input-files.xcfilelist",
			);
			name = "[CP] Embed Pods Frameworks";
			outputFileListPaths = (
				"${PODS_ROOT}/Target Support Files/Pods-commurnere-challenge-commurnere-challengeUITests/Pods-commurnere-challenge-commurnere-challengeUITests-frameworks-${CONFIGURATION}-output-files.xcfilelist",
			);
			runOnlyForDeploymentPostprocessing = 0;
			shellPath = /bin/sh;
			shellScript = "\"${PODS_ROOT}/Target Support Files/Pods-commurnere-challenge-commurnere-challengeUITests/Pods-commurnere-challenge-commurnere-challengeUITests-frameworks.sh\"\n";
			showEnvVarsInLog = 0;
		};
		522AA92ADE9015E65208FC00 /* [CP] Check Pods Manifest.lock */ = {
			isa = PBXShellScriptBuildPhase;
			buildActionMask = 2147483647;
			files = (
			);
			inputFileListPaths = (
			);
			inputPaths = (
				"${PODS_PODFILE_DIR_PATH}/Podfile.lock",
				"${PODS_ROOT}/Manifest.lock",
			);
			name = "[CP] Check Pods Manifest.lock";
			outputFileListPaths = (
			);
			outputPaths = (
				"$(DERIVED_FILE_DIR)/Pods-commurnere-challenge-commurnere-challengeUITests-checkManifestLockResult.txt",
			);
			runOnlyForDeploymentPostprocessing = 0;
			shellPath = /bin/sh;
			shellScript = "diff \"${PODS_PODFILE_DIR_PATH}/Podfile.lock\" \"${PODS_ROOT}/Manifest.lock\" > /dev/null\nif [ $? != 0 ] ; then\n    # print error to STDERR\n    echo \"error: The sandbox is not in sync with the Podfile.lock. Run 'pod install' or update your CocoaPods installation.\" >&2\n    exit 1\nfi\n# This output is used by Xcode 'outputs' to avoid re-running this script phase.\necho \"SUCCESS\" > \"${SCRIPT_OUTPUT_FILE_0}\"\n";
			showEnvVarsInLog = 0;
		};
		75EACCD52C1227A18D206513 /* [CP] Embed Pods Frameworks */ = {
			isa = PBXShellScriptBuildPhase;
			buildActionMask = 2147483647;
			files = (
			);
			inputFileListPaths = (
				"${PODS_ROOT}/Target Support Files/Pods-commurnere-challenge/Pods-commurnere-challenge-frameworks-${CONFIGURATION}-input-files.xcfilelist",
			);
			name = "[CP] Embed Pods Frameworks";
			outputFileListPaths = (
				"${PODS_ROOT}/Target Support Files/Pods-commurnere-challenge/Pods-commurnere-challenge-frameworks-${CONFIGURATION}-output-files.xcfilelist",
			);
			runOnlyForDeploymentPostprocessing = 0;
			shellPath = /bin/sh;
			shellScript = "\"${PODS_ROOT}/Target Support Files/Pods-commurnere-challenge/Pods-commurnere-challenge-frameworks.sh\"\n";
			showEnvVarsInLog = 0;
		};
		8C693FCDE9BEB4DFD9CDB002 /* [CP] Check Pods Manifest.lock */ = {
			isa = PBXShellScriptBuildPhase;
			buildActionMask = 2147483647;
			files = (
			);
			inputFileListPaths = (
			);
			inputPaths = (
				"${PODS_PODFILE_DIR_PATH}/Podfile.lock",
				"${PODS_ROOT}/Manifest.lock",
			);
			name = "[CP] Check Pods Manifest.lock";
			outputFileListPaths = (
			);
			outputPaths = (
				"$(DERIVED_FILE_DIR)/Pods-commurnere-challengeTests-checkManifestLockResult.txt",
			);
			runOnlyForDeploymentPostprocessing = 0;
			shellPath = /bin/sh;
			shellScript = "diff \"${PODS_PODFILE_DIR_PATH}/Podfile.lock\" \"${PODS_ROOT}/Manifest.lock\" > /dev/null\nif [ $? != 0 ] ; then\n    # print error to STDERR\n    echo \"error: The sandbox is not in sync with the Podfile.lock. Run 'pod install' or update your CocoaPods installation.\" >&2\n    exit 1\nfi\n# This output is used by Xcode 'outputs' to avoid re-running this script phase.\necho \"SUCCESS\" > \"${SCRIPT_OUTPUT_FILE_0}\"\n";
			showEnvVarsInLog = 0;
		};
		8E07D1CEF46CFDB577145876 /* [CP] Check Pods Manifest.lock */ = {
			isa = PBXShellScriptBuildPhase;
			buildActionMask = 2147483647;
			files = (
			);
			inputFileListPaths = (
			);
			inputPaths = (
				"${PODS_PODFILE_DIR_PATH}/Podfile.lock",
				"${PODS_ROOT}/Manifest.lock",
			);
			name = "[CP] Check Pods Manifest.lock";
			outputFileListPaths = (
			);
			outputPaths = (
				"$(DERIVED_FILE_DIR)/Pods-commurnere-challenge-checkManifestLockResult.txt",
			);
			runOnlyForDeploymentPostprocessing = 0;
			shellPath = /bin/sh;
			shellScript = "diff \"${PODS_PODFILE_DIR_PATH}/Podfile.lock\" \"${PODS_ROOT}/Manifest.lock\" > /dev/null\nif [ $? != 0 ] ; then\n    # print error to STDERR\n    echo \"error: The sandbox is not in sync with the Podfile.lock. Run 'pod install' or update your CocoaPods installation.\" >&2\n    exit 1\nfi\n# This output is used by Xcode 'outputs' to avoid re-running this script phase.\necho \"SUCCESS\" > \"${SCRIPT_OUTPUT_FILE_0}\"\n";
			showEnvVarsInLog = 0;
		};
/* End PBXShellScriptBuildPhase section */

/* Begin PBXSourcesBuildPhase section */
		F80D1130249302D300C212EB /* Sources */ = {
			isa = PBXSourcesBuildPhase;
			buildActionMask = 2147483647;
			files = (
				F8AEAB122495C48B00B33332 /* LoginViewController.swift in Sources */,
				F8658C94249320670077CFF6 /* StoryboardFactory+NamingConstructor.swift in Sources */,
				F8658C9224931FE50077CFF6 /* UIStoryboard+Naming.swift in Sources */,
				F8AEAB3024960BDE00B33332 /* BaseDataRepository.swift in Sources */,
				F8AEAB242495E0E400B33332 /* Storage.swift in Sources */,
				F8658C88249319560077CFF6 /* AppRouterLogger.swift in Sources */,
				F8AEAB2D2495F09400B33332 /* RealmDataManager.swift in Sources */,
				F885B35E2493419700D7A782 /* String+EmptyChecking.swift in Sources */,
				F8AEAB182495D14C00B33332 /* AlertableView.swift in Sources */,
				F8658C85249315840077CFF6 /* UIViewController+ClassName.swift in Sources */,
				F885B35B2493342F00D7A782 /* AnyDestionationStep.swift in Sources */,
				F8AEAB2B2495EAA200B33332 /* URL+ApplicationPath.swift in Sources */,
				F8658C8C24931A490077CFF6 /* AppLogger.swift in Sources */,
				F8AEAB222495DFAB00B33332 /* Storable.swift in Sources */,
				F8AEAB142495C94700B33332 /* LoginViewModel.swift in Sources */,
				F885B3592493334B00D7A782 /* AppRouterableProtocol.swift in Sources */,
				F80D1138249302D300C212EB /* AppDelegate.swift in Sources */,
				F8AEAB292495E65200B33332 /* RealmProvider.swift in Sources */,
				F8658C8F24931F180077CFF6 /* Route.swift in Sources */,
				F83CB0A224932EC400D28CF3 /* AppRouter.swift in Sources */,
				F893663224962EBF00A72E2E /* User.swift in Sources */,
				F8AEAB1C2495D64900B33332 /* UIViewController+Alertable.swift in Sources */,
				F885B3602493432800D7A782 /* Collection+Additionals.swift in Sources */,
				F8658C83249311C90077CFF6 /* UIView+Nib.swift in Sources */,
			);
			runOnlyForDeploymentPostprocessing = 0;
		};
		F80D1144249302D400C212EB /* Sources */ = {
			isa = PBXSourcesBuildPhase;
			buildActionMask = 2147483647;
			files = (
				F80D114D249302D400C212EB /* commurnere_challengeTests.swift in Sources */,
			);
			runOnlyForDeploymentPostprocessing = 0;
		};
		F80D114F249302D400C212EB /* Sources */ = {
			isa = PBXSourcesBuildPhase;
			buildActionMask = 2147483647;
			files = (
				F80D1158249302D400C212EB /* commurnere_challengeUITests.swift in Sources */,
			);
			runOnlyForDeploymentPostprocessing = 0;
		};
/* End PBXSourcesBuildPhase section */

/* Begin PBXTargetDependency section */
		F80D114A249302D400C212EB /* PBXTargetDependency */ = {
			isa = PBXTargetDependency;
			target = F80D1133249302D300C212EB /* commurnere-challenge */;
			targetProxy = F80D1149249302D400C212EB /* PBXContainerItemProxy */;
		};
		F80D1155249302D400C212EB /* PBXTargetDependency */ = {
			isa = PBXTargetDependency;
			target = F80D1133249302D300C212EB /* commurnere-challenge */;
			targetProxy = F80D1154249302D400C212EB /* PBXContainerItemProxy */;
		};
/* End PBXTargetDependency section */

/* Begin PBXVariantGroup section */
		F80D113B249302D300C212EB /* Main.storyboard */ = {
			isa = PBXVariantGroup;
			children = (
				F80D113C249302D300C212EB /* Base */,
			);
			name = Main.storyboard;
			sourceTree = "<group>";
		};
		F80D1140249302D400C212EB /* LaunchScreen.storyboard */ = {
			isa = PBXVariantGroup;
			children = (
				F80D1141249302D400C212EB /* Base */,
			);
			name = LaunchScreen.storyboard;
			sourceTree = "<group>";
		};
		F8AEAB0A2495C3B900B33332 /* Account.storyboard */ = {
			isa = PBXVariantGroup;
			children = (
				F8AEAB0B2495C3B900B33332 /* Base */,
			);
			name = Account.storyboard;
			sourceTree = "<group>";
		};
/* End PBXVariantGroup section */

/* Begin XCBuildConfiguration section */
		F80D115A249302D400C212EB /* Debug */ = {
			isa = XCBuildConfiguration;
			buildSettings = {
				ALWAYS_SEARCH_USER_PATHS = NO;
				CLANG_ANALYZER_NONNULL = YES;
				CLANG_ANALYZER_NUMBER_OBJECT_CONVERSION = YES_AGGRESSIVE;
				CLANG_CXX_LANGUAGE_STANDARD = "gnu++14";
				CLANG_CXX_LIBRARY = "libc++";
				CLANG_ENABLE_MODULES = YES;
				CLANG_ENABLE_OBJC_ARC = YES;
				CLANG_ENABLE_OBJC_WEAK = YES;
				CLANG_WARN_BLOCK_CAPTURE_AUTORELEASING = YES;
				CLANG_WARN_BOOL_CONVERSION = YES;
				CLANG_WARN_COMMA = YES;
				CLANG_WARN_CONSTANT_CONVERSION = YES;
				CLANG_WARN_DEPRECATED_OBJC_IMPLEMENTATIONS = YES;
				CLANG_WARN_DIRECT_OBJC_ISA_USAGE = YES_ERROR;
				CLANG_WARN_DOCUMENTATION_COMMENTS = YES;
				CLANG_WARN_EMPTY_BODY = YES;
				CLANG_WARN_ENUM_CONVERSION = YES;
				CLANG_WARN_INFINITE_RECURSION = YES;
				CLANG_WARN_INT_CONVERSION = YES;
				CLANG_WARN_NON_LITERAL_NULL_CONVERSION = YES;
				CLANG_WARN_OBJC_IMPLICIT_RETAIN_SELF = YES;
				CLANG_WARN_OBJC_LITERAL_CONVERSION = YES;
				CLANG_WARN_OBJC_ROOT_CLASS = YES_ERROR;
				CLANG_WARN_RANGE_LOOP_ANALYSIS = YES;
				CLANG_WARN_STRICT_PROTOTYPES = YES;
				CLANG_WARN_SUSPICIOUS_MOVE = YES;
				CLANG_WARN_UNGUARDED_AVAILABILITY = YES_AGGRESSIVE;
				CLANG_WARN_UNREACHABLE_CODE = YES;
				CLANG_WARN__DUPLICATE_METHOD_MATCH = YES;
				CODE_SIGN_IDENTITY = "iPhone Developer";
				COPY_PHASE_STRIP = NO;
				DEBUG_INFORMATION_FORMAT = dwarf;
				ENABLE_STRICT_OBJC_MSGSEND = YES;
				ENABLE_TESTABILITY = YES;
				GCC_C_LANGUAGE_STANDARD = gnu11;
				GCC_DYNAMIC_NO_PIC = NO;
				GCC_NO_COMMON_BLOCKS = YES;
				GCC_OPTIMIZATION_LEVEL = 0;
				GCC_PREPROCESSOR_DEFINITIONS = (
					"DEBUG=1",
					"$(inherited)",
				);
				GCC_WARN_64_TO_32_BIT_CONVERSION = YES;
				GCC_WARN_ABOUT_RETURN_TYPE = YES_ERROR;
				GCC_WARN_UNDECLARED_SELECTOR = YES;
				GCC_WARN_UNINITIALIZED_AUTOS = YES_AGGRESSIVE;
				GCC_WARN_UNUSED_FUNCTION = YES;
				GCC_WARN_UNUSED_VARIABLE = YES;
				IPHONEOS_DEPLOYMENT_TARGET = 12.2;
				MTL_ENABLE_DEBUG_INFO = INCLUDE_SOURCE;
				MTL_FAST_MATH = YES;
				ONLY_ACTIVE_ARCH = YES;
				SDKROOT = iphoneos;
				SWIFT_ACTIVE_COMPILATION_CONDITIONS = DEBUG;
				SWIFT_OPTIMIZATION_LEVEL = "-Onone";
			};
			name = Debug;
		};
		F80D115B249302D400C212EB /* Release */ = {
			isa = XCBuildConfiguration;
			buildSettings = {
				ALWAYS_SEARCH_USER_PATHS = NO;
				CLANG_ANALYZER_NONNULL = YES;
				CLANG_ANALYZER_NUMBER_OBJECT_CONVERSION = YES_AGGRESSIVE;
				CLANG_CXX_LANGUAGE_STANDARD = "gnu++14";
				CLANG_CXX_LIBRARY = "libc++";
				CLANG_ENABLE_MODULES = YES;
				CLANG_ENABLE_OBJC_ARC = YES;
				CLANG_ENABLE_OBJC_WEAK = YES;
				CLANG_WARN_BLOCK_CAPTURE_AUTORELEASING = YES;
				CLANG_WARN_BOOL_CONVERSION = YES;
				CLANG_WARN_COMMA = YES;
				CLANG_WARN_CONSTANT_CONVERSION = YES;
				CLANG_WARN_DEPRECATED_OBJC_IMPLEMENTATIONS = YES;
				CLANG_WARN_DIRECT_OBJC_ISA_USAGE = YES_ERROR;
				CLANG_WARN_DOCUMENTATION_COMMENTS = YES;
				CLANG_WARN_EMPTY_BODY = YES;
				CLANG_WARN_ENUM_CONVERSION = YES;
				CLANG_WARN_INFINITE_RECURSION = YES;
				CLANG_WARN_INT_CONVERSION = YES;
				CLANG_WARN_NON_LITERAL_NULL_CONVERSION = YES;
				CLANG_WARN_OBJC_IMPLICIT_RETAIN_SELF = YES;
				CLANG_WARN_OBJC_LITERAL_CONVERSION = YES;
				CLANG_WARN_OBJC_ROOT_CLASS = YES_ERROR;
				CLANG_WARN_RANGE_LOOP_ANALYSIS = YES;
				CLANG_WARN_STRICT_PROTOTYPES = YES;
				CLANG_WARN_SUSPICIOUS_MOVE = YES;
				CLANG_WARN_UNGUARDED_AVAILABILITY = YES_AGGRESSIVE;
				CLANG_WARN_UNREACHABLE_CODE = YES;
				CLANG_WARN__DUPLICATE_METHOD_MATCH = YES;
				CODE_SIGN_IDENTITY = "iPhone Developer";
				COPY_PHASE_STRIP = NO;
				DEBUG_INFORMATION_FORMAT = "dwarf-with-dsym";
				ENABLE_NS_ASSERTIONS = NO;
				ENABLE_STRICT_OBJC_MSGSEND = YES;
				GCC_C_LANGUAGE_STANDARD = gnu11;
				GCC_NO_COMMON_BLOCKS = YES;
				GCC_WARN_64_TO_32_BIT_CONVERSION = YES;
				GCC_WARN_ABOUT_RETURN_TYPE = YES_ERROR;
				GCC_WARN_UNDECLARED_SELECTOR = YES;
				GCC_WARN_UNINITIALIZED_AUTOS = YES_AGGRESSIVE;
				GCC_WARN_UNUSED_FUNCTION = YES;
				GCC_WARN_UNUSED_VARIABLE = YES;
				IPHONEOS_DEPLOYMENT_TARGET = 12.2;
				MTL_ENABLE_DEBUG_INFO = NO;
				MTL_FAST_MATH = YES;
				SDKROOT = iphoneos;
				SWIFT_COMPILATION_MODE = wholemodule;
				SWIFT_OPTIMIZATION_LEVEL = "-O";
				VALIDATE_PRODUCT = YES;
			};
			name = Release;
		};
		F80D115D249302D400C212EB /* Debug */ = {
			isa = XCBuildConfiguration;
			baseConfigurationReference = 55D69FB41F89797F0FEF1BA8 /* Pods-commurnere-challenge.debug.xcconfig */;
			buildSettings = {
				ASSETCATALOG_COMPILER_APPICON_NAME = AppIcon;
				CODE_SIGN_STYLE = Automatic;
				DEVELOPMENT_TEAM = 638B4QA28J;
				INFOPLIST_FILE = "commurnere-challenge/Info.plist";
				IPHONEOS_DEPLOYMENT_TARGET = 10.0;
				LD_RUNPATH_SEARCH_PATHS = (
					"$(inherited)",
					"@executable_path/Frameworks",
				);
				PRODUCT_BUNDLE_IDENTIFIER = "com.test.commurnere-challenge";
				PRODUCT_NAME = "$(TARGET_NAME)";
				SWIFT_VERSION = 5.0;
				TARGETED_DEVICE_FAMILY = 1;
			};
			name = Debug;
		};
		F80D115E249302D400C212EB /* Release */ = {
			isa = XCBuildConfiguration;
			baseConfigurationReference = E5AC5A93EEB97653BFB3D145 /* Pods-commurnere-challenge.release.xcconfig */;
			buildSettings = {
				ASSETCATALOG_COMPILER_APPICON_NAME = AppIcon;
				CODE_SIGN_STYLE = Automatic;
				DEVELOPMENT_TEAM = 638B4QA28J;
				INFOPLIST_FILE = "commurnere-challenge/Info.plist";
				IPHONEOS_DEPLOYMENT_TARGET = 10.0;
				LD_RUNPATH_SEARCH_PATHS = (
					"$(inherited)",
					"@executable_path/Frameworks",
				);
				PRODUCT_BUNDLE_IDENTIFIER = "com.test.commurnere-challenge";
				PRODUCT_NAME = "$(TARGET_NAME)";
				SWIFT_VERSION = 5.0;
				TARGETED_DEVICE_FAMILY = 1;
			};
			name = Release;
		};
		F80D1160249302D400C212EB /* Debug */ = {
			isa = XCBuildConfiguration;
			baseConfigurationReference = D4A21F78AB6DC77814D5D1C6 /* Pods-commurnere-challengeTests.debug.xcconfig */;
			buildSettings = {
				ALWAYS_EMBED_SWIFT_STANDARD_LIBRARIES = YES;
				BUNDLE_LOADER = "$(TEST_HOST)";
				CODE_SIGN_STYLE = Automatic;
				DEVELOPMENT_TEAM = 638B4QA28J;
				INFOPLIST_FILE = "commurnere-challengeTests/Info.plist";
				LD_RUNPATH_SEARCH_PATHS = (
					"$(inherited)",
					"@executable_path/Frameworks",
					"@loader_path/Frameworks",
				);
				PRODUCT_BUNDLE_IDENTIFIER = "com.test.commurnere-challengeTests";
				PRODUCT_NAME = "$(TARGET_NAME)";
				SWIFT_VERSION = 5.0;
				TARGETED_DEVICE_FAMILY = "1,2";
				TEST_HOST = "$(BUILT_PRODUCTS_DIR)/commurnere-challenge.app/commurnere-challenge";
			};
			name = Debug;
		};
		F80D1161249302D400C212EB /* Release */ = {
			isa = XCBuildConfiguration;
			baseConfigurationReference = 9E60ADA5F9C7DBA572696D30 /* Pods-commurnere-challengeTests.release.xcconfig */;
			buildSettings = {
				ALWAYS_EMBED_SWIFT_STANDARD_LIBRARIES = YES;
				BUNDLE_LOADER = "$(TEST_HOST)";
				CODE_SIGN_STYLE = Automatic;
				DEVELOPMENT_TEAM = 638B4QA28J;
				INFOPLIST_FILE = "commurnere-challengeTests/Info.plist";
				LD_RUNPATH_SEARCH_PATHS = (
					"$(inherited)",
					"@executable_path/Frameworks",
					"@loader_path/Frameworks",
				);
				PRODUCT_BUNDLE_IDENTIFIER = "com.test.commurnere-challengeTests";
				PRODUCT_NAME = "$(TARGET_NAME)";
				SWIFT_VERSION = 5.0;
				TARGETED_DEVICE_FAMILY = "1,2";
				TEST_HOST = "$(BUILT_PRODUCTS_DIR)/commurnere-challenge.app/commurnere-challenge";
			};
			name = Release;
		};
		F80D1163249302D400C212EB /* Debug */ = {
			isa = XCBuildConfiguration;
			baseConfigurationReference = AB16806A0110DAA1FE3D01EF /* Pods-commurnere-challenge-commurnere-challengeUITests.debug.xcconfig */;
			buildSettings = {
				ALWAYS_EMBED_SWIFT_STANDARD_LIBRARIES = YES;
				CODE_SIGN_STYLE = Automatic;
				DEVELOPMENT_TEAM = 638B4QA28J;
				INFOPLIST_FILE = "commurnere-challengeUITests/Info.plist";
				LD_RUNPATH_SEARCH_PATHS = (
					"$(inherited)",
					"@executable_path/Frameworks",
					"@loader_path/Frameworks",
				);
				PRODUCT_BUNDLE_IDENTIFIER = "com.test.commurnere-challengeUITests";
				PRODUCT_NAME = "$(TARGET_NAME)";
				SWIFT_VERSION = 5.0;
				TARGETED_DEVICE_FAMILY = "1,2";
				TEST_TARGET_NAME = "commurnere-challenge";
			};
			name = Debug;
		};
		F80D1164249302D400C212EB /* Release */ = {
			isa = XCBuildConfiguration;
			baseConfigurationReference = 2AB2B9455585AF5E3382D29F /* Pods-commurnere-challenge-commurnere-challengeUITests.release.xcconfig */;
			buildSettings = {
				ALWAYS_EMBED_SWIFT_STANDARD_LIBRARIES = YES;
				CODE_SIGN_STYLE = Automatic;
				DEVELOPMENT_TEAM = 638B4QA28J;
				INFOPLIST_FILE = "commurnere-challengeUITests/Info.plist";
				LD_RUNPATH_SEARCH_PATHS = (
					"$(inherited)",
					"@executable_path/Frameworks",
					"@loader_path/Frameworks",
				);
				PRODUCT_BUNDLE_IDENTIFIER = "com.test.commurnere-challengeUITests";
				PRODUCT_NAME = "$(TARGET_NAME)";
				SWIFT_VERSION = 5.0;
				TARGETED_DEVICE_FAMILY = "1,2";
				TEST_TARGET_NAME = "commurnere-challenge";
			};
			name = Release;
		};
/* End XCBuildConfiguration section */

/* Begin XCConfigurationList section */
		F80D112F249302D300C212EB /* Build configuration list for PBXProject "commurnere-challenge" */ = {
			isa = XCConfigurationList;
			buildConfigurations = (
				F80D115A249302D400C212EB /* Debug */,
				F80D115B249302D400C212EB /* Release */,
			);
			defaultConfigurationIsVisible = 0;
			defaultConfigurationName = Release;
		};
		F80D115C249302D400C212EB /* Build configuration list for PBXNativeTarget "commurnere-challenge" */ = {
			isa = XCConfigurationList;
			buildConfigurations = (
				F80D115D249302D400C212EB /* Debug */,
				F80D115E249302D400C212EB /* Release */,
			);
			defaultConfigurationIsVisible = 0;
			defaultConfigurationName = Release;
		};
		F80D115F249302D400C212EB /* Build configuration list for PBXNativeTarget "commurnere-challengeTests" */ = {
			isa = XCConfigurationList;
			buildConfigurations = (
				F80D1160249302D400C212EB /* Debug */,
				F80D1161249302D400C212EB /* Release */,
			);
			defaultConfigurationIsVisible = 0;
			defaultConfigurationName = Release;
		};
		F80D1162249302D400C212EB /* Build configuration list for PBXNativeTarget "commurnere-challengeUITests" */ = {
			isa = XCConfigurationList;
			buildConfigurations = (
				F80D1163249302D400C212EB /* Debug */,
				F80D1164249302D400C212EB /* Release */,
			);
			defaultConfigurationIsVisible = 0;
			defaultConfigurationName = Release;
		};
/* End XCConfigurationList section */
	};
	rootObject = F80D112C249302D300C212EB /* Project object */;
}
